
Microsoft Visual Studio Solution File, Format Version 12.00
# Visual Studio Version 17
VisualStudioVersion = 17.1.32210.238
MinimumVisualStudioVersion = 10.0.40219.1
Project("{9A19103F-16F7-4668-BE54-9A1E7A4F7556}") = "CasalAvis", "CasalAvis\CasalAvis.csproj", "{24297AF7-F75C-4BED-BBC3-5A7D07D2CF9C}"
EndProject
Global
	GlobalSection(SolutionConfigurationPlatforms) = preSolution
		Debug|Any CPU = Debug|Any CPU
		Release|Any CPU = Release|Any CPU
	EndGlobalSection
	GlobalSection(ProjectConfigurationPlatforms) = postSolution
		{24297AF7-F75C-4BED-BBC3-5A7D07D2CF9C}.Debug|Any CPU.ActiveCfg = Debug|Any CPU
		{24297AF7-F75C-4BED-BBC3-5A7D07D2CF9C}.Debug|Any CPU.Build.0 = Debug|Any CPU
		{24297AF7-F75C-4BED-BBC3-5A7D07D2CF9C}.Release|Any CPU.ActiveCfg = Release|Any CPU
		{24297AF7-F75C-4BED-BBC3-5A7D07D2CF9C}.Release|Any CPU.Build.0 = Release|Any CPU
	EndGlobalSection
	GlobalSection(SolutionProperties) = preSolution
		HideSolutionNode = FALSE
	EndGlobalSection
	GlobalSection(ExtensibilityGlobals) = postSolution
		SolutionGuid = {BF89D1B6-9894-4F53-B4C1-BFA808798A9B}
	EndGlobalSection
EndGlobal
